
Microsoft Visual Studio Solution File, Format Version 12.00
# Visual Studio Version 17
VisualStudioVersion = 17.11.35303.130
MinimumVisualStudioVersion = 10.0.40219.1
Project("{FAE04EC0-301F-11D3-BF4B-00C04F79EFBC}") = "HesapMakinesi", "HesapMakinesi\HesapMakinesi.csproj", "{DC766846-8AC3-4719-BFF2-2CD3E3E45BEF}"
EndProject
Global
	GlobalSection(SolutionConfigurationPlatforms) = preSolution
		Debug|Any CPU = Debug|Any CPU
		Release|Any CPU = Release|Any CPU
	EndGlobalSection
	GlobalSection(ProjectConfigurationPlatforms) = postSolution
		{DC766846-8AC3-4719-BFF2-2CD3E3E45BEF}.Debug|Any CPU.ActiveCfg = Debug|Any CPU
		{DC766846-8AC3-4719-BFF2-2CD3E3E45BEF}.Debug|Any CPU.Build.0 = Debug|Any CPU
		{DC766846-8AC3-4719-BFF2-2CD3E3E45BEF}.Release|Any CPU.ActiveCfg = Release|Any CPU
		{DC766846-8AC3-4719-BFF2-2CD3E3E45BEF}.Release|Any CPU.Build.0 = Release|Any CPU
	EndGlobalSection
	GlobalSection(SolutionProperties) = preSolution
		HideSolutionNode = FALSE
	EndGlobalSection
	GlobalSection(ExtensibilityGlobals) = postSolution
		SolutionGuid = {5630A10A-8B56-452C-B0BC-6022A3045E54}
	EndGlobalSection
EndGlobal
